PODS:
  - FlexDataSource (0.1.5):
    - fuikit
  - fuikit (0.0.6)

DEPENDENCIES:
  - FlexDataSource (from `../`)
  - fuikit

SPEC REPOS:
  trunk:
    - fuikit

EXTERNAL SOURCES:
  FlexDataSource:
    :path: "../"

SPEC CHECKSUMS:
  FlexDataSource: cb32f3408cf4eb80767984bcca4fee1d49dcf1ea
  fuikit: f810b1ca97a699677c7da50c186350f99cba91d0

PODFILE CHECKSUM: f79c4a84dd3f8990aed5927bf1f64d89d1c2891a

COCOAPODS: 1.9.0
