PODS:
  - FlexDataSource (0.1.2):
    - fuikit
  - fuikit (0.0.4)

DEPENDENCIES:
  - FlexDataSource (from `../`)
  - fuikit (from `https://github.com/ThryvInc/fuikit`, branch `es/uitvds`)

EXTERNAL SOURCES:
  FlexDataSource:
    :path: "../"
  fuikit:
    :branch: es/uitvds
    :git: https://github.com/ThryvInc/fuikit

CHECKOUT OPTIONS:
  fuikit:
    :commit: fddefe8f7e1a87a734fb05f472ae3670dccd5800
    :git: https://github.com/ThryvInc/fuikit

SPEC CHECKSUMS:
  FlexDataSource: 78c8e3c3bc63735b6451c3ef63bec0bfc4662f09
  fuikit: 179c236c60b39ef5f666a2329d73aaab3ecb027d

PODFILE CHECKSUM: f9b673bda45cf0120cb36917f16e8d28da069721

COCOAPODS: 1.9.0
